{
  "version": 4,
  "terraform_version": "1.12.2",
  "serial": 11,
  "lineage": "07962ed2-2413-a0bf-55d4-b34e99bac827",
  "outputs": {
    "public_ip_address": {
      "value": "52.147.201.2",
      "type": "string"
    }
  },
  "resources": [
    {
      "mode": "managed",
      "type": "azurerm_linux_virtual_machine",
      "name": "vm",
      "provider": "provider[\"registry.terraform.io/hashicorp/azurerm\"]",
      "instances": [
        {
          "schema_version": 0,
          "attributes": {
            "additional_capabilities": [],
            "admin_password": null,
            "admin_ssh_key": [
              {
                "public_key": "ssh-rsa AAAAB3NzaC1yc2EAAAADAQABAAACAQDLR85Cl8Srp1i3Zufoqw4/hRrQuVE5ZcsTKKkJAcAGUVESgY/UHtrRrFH5YNksbqLoWSHrnWvs5NAVx7WjLlC2gVxrNrQ6aQVArPXsohsnZuBmb9Q0G6tw7q9gJoLBDXaxeMdhxtjDdp7pLWS9Pwl2BSSaaq+60XI0bmLTy1FGHCcJaOebQ7qbMQlLAhEGqhn5JqPqg/8o5kh1ZJbaNDTm/kYugqbltjC4LH6GN2lRTqI4hw0f84J8q6a9yRz2/ofWDnZS7aHxwCVX8LSFxHMIAkvUlu2wGSgdeBm4TQ5Jnlewjw8dAV9zqizWKPuGk7YcYvvIFzC0+1WBF6vYBUyFUAs8Hr8xB/bWOpX3JncYQGOFxR2Tgdf3PvYyuZZa7AYUECHqI7eGt0C6gZ1EbgXWHshlIe6ilqL+6lekpYDcR2qmJhE5c+rfjThuM4H2RxpJHhkUBAFm5pJPjPwRF95e8Fvu+LhmM8D+Z96w9cAY+QnUi6DX/TQuE275Ht4G3s9uwD7r4QcMN4VM9v306DfsR078YHPnOIMTcatysHpWRcQTGf7pQCEmu7iljmgBk6bm6Jj08kywZRA5Mjn2tdiIFosEeYpEJG5hJyYpJN8YBJNUfcKBwxCYi1p3aTpOv/raMtA6pmkn6EL/eLf1wgSAVD7v5h398JU5C4rVatGLvQ== utkarshbarethiya01@gmail.com\r\n",
                "username": "azureuser"
              }
            ],
            "admin_username": "azureuser",
            "allow_extension_operations": true,
            "availability_set_id": "",
            "boot_diagnostics": [],
            "bypass_platform_safety_checks_on_user_schedule_enabled": false,
            "capacity_reservation_group_id": "",
            "computer_name": "dockerhost",
            "custom_data": null,
            "dedicated_host_group_id": "",
            "dedicated_host_id": "",
            "disable_password_authentication": true,
            "disk_controller_type": "",
            "edge_zone": "",
            "encryption_at_host_enabled": false,
            "eviction_policy": "",
            "extensions_time_budget": "PT1H30M",
            "gallery_application": [],
            "id": "/subscriptions/5f25aa12-6aeb-4e63-9ded-f3d6777290f3/resourceGroups/docker-deploy-rg/providers/Microsoft.Compute/virtualMachines/docker-vm",
            "identity": [],
            "license_type": "",
            "location": "eastus",
            "max_bid_price": -1,
            "name": "docker-vm",
            "network_interface_ids": [
              "/subscriptions/5f25aa12-6aeb-4e63-9ded-f3d6777290f3/resourceGroups/docker-deploy-rg/providers/Microsoft.Network/networkInterfaces/docker-vm-nic"
            ],
            "os_disk": [
              {
                "caching": "ReadWrite",
                "diff_disk_settings": [],
                "disk_encryption_set_id": "",
                "disk_size_gb": 30,
                "id": "/subscriptions/5f25aa12-6aeb-4e63-9ded-f3d6777290f3/resourceGroups/docker-deploy-rg/providers/Microsoft.Compute/disks/docker-vm_OsDisk_1_405b8b30112c48cf8e8b2fbf69ed136a",
                "name": "docker-vm_OsDisk_1_405b8b30112c48cf8e8b2fbf69ed136a",
                "secure_vm_disk_encryption_set_id": "",
                "security_encryption_type": "",
                "storage_account_type": "Standard_LRS",
                "write_accelerator_enabled": false
              }
            ],
            "os_image_notification": [],
            "patch_assessment_mode": "ImageDefault",
            "patch_mode": "ImageDefault",
            "plan": [],
            "platform_fault_domain": -1,
            "priority": "Regular",
            "private_ip_address": "10.0.1.4",
            "private_ip_addresses": [
              "10.0.1.4"
            ],
            "provision_vm_agent": true,
            "proximity_placement_group_id": "",
            "public_ip_address": "52.147.201.2",
            "public_ip_addresses": [
              "52.147.201.2"
            ],
            "reboot_setting": "",
            "resource_group_name": "docker-deploy-rg",
            "secret": [],
            "secure_boot_enabled": false,
            "size": "Standard_B1s",
            "source_image_id": "",
            "source_image_reference": [
              {
                "offer": "UbuntuServer",
                "publisher": "Canonical",
                "sku": "18.04-LTS",
                "version": "latest"
              }
            ],
            "tags": null,
            "termination_notification": null,
            "timeouts": null,
            "user_data": "",
            "virtual_machine_id": "a05cab78-7198-45df-a343-1514c6164c41",
            "virtual_machine_scale_set_id": "",
            "vm_agent_platform_updates_enabled": false,
            "vtpm_enabled": false,
            "zone": ""
          },
          "sensitive_attributes": [
            [
              {
                "type": "get_attr",
                "value": "admin_password"
              }
            ],
            [
              {
                "type": "get_attr",
                "value": "custom_data"
              }
            ]
          ],
          "identity_schema_version": 0,
          "private": "eyJlMmJmYjczMC1lY2FhLTExZTYtOGY4OC0zNDM2M2JjN2M0YzAiOnsiY3JlYXRlIjoyNzAwMDAwMDAwMDAwLCJkZWxldGUiOjI3MDAwMDAwMDAwMDAsInJlYWQiOjMwMDAwMDAwMDAwMCwidXBkYXRlIjoyNzAwMDAwMDAwMDAwfX0=",
          "dependencies": [
            "azurerm_network_interface.nic",
            "azurerm_public_ip.public_ip",
            "azurerm_resource_group.rg",
            "azurerm_subnet.subnet",
            "azurerm_virtual_network.vnet"
          ]
        }
      ]
    },
    {
      "mode": "managed",
      "type": "azurerm_network_interface",
      "name": "nic",
      "provider": "provider[\"registry.terraform.io/hashicorp/azurerm\"]",
      "instances": [
        {
          "schema_version": 0,
          "attributes": {
            "accelerated_networking_enabled": false,
            "applied_dns_servers": [],
            "auxiliary_mode": "",
            "auxiliary_sku": "",
            "dns_servers": null,
            "edge_zone": "",
            "id": "/subscriptions/5f25aa12-6aeb-4e63-9ded-f3d6777290f3/resourceGroups/docker-deploy-rg/providers/Microsoft.Network/networkInterfaces/docker-vm-nic",
            "internal_dns_name_label": "",
            "internal_domain_name_suffix": "tdbiw4nwesfedcpx5hygwrklgc.bx.internal.cloudapp.net",
            "ip_configuration": [
              {
                "gateway_load_balancer_frontend_ip_configuration_id": "",
                "name": "ipconfig",
                "primary": true,
                "private_ip_address": "10.0.1.4",
                "private_ip_address_allocation": "Dynamic",
                "private_ip_address_version": "IPv4",
                "public_ip_address_id": "/subscriptions/5f25aa12-6aeb-4e63-9ded-f3d6777290f3/resourceGroups/docker-deploy-rg/providers/Microsoft.Network/publicIPAddresses/docker-vm-pip",
                "subnet_id": "/subscriptions/5f25aa12-6aeb-4e63-9ded-f3d6777290f3/resourceGroups/docker-deploy-rg/providers/Microsoft.Network/virtualNetworks/docker-vnet/subnets/subnet1"
              }
            ],
            "ip_forwarding_enabled": false,
            "location": "eastus",
            "mac_address": "",
            "name": "docker-vm-nic",
            "private_ip_address": "10.0.1.4",
            "private_ip_addresses": [
              "10.0.1.4"
            ],
            "resource_group_name": "docker-deploy-rg",
            "tags": null,
            "timeouts": null,
            "virtual_machine_id": ""
          },
          "sensitive_attributes": [],
          "identity_schema_version": 0,
          "identity": {
            "name": "docker-vm-nic",
            "resource_group_name": "docker-deploy-rg",
            "subscription_id": "5f25aa12-6aeb-4e63-9ded-f3d6777290f3"
          },
          "private": "eyJlMmJmYjczMC1lY2FhLTExZTYtOGY4OC0zNDM2M2JjN2M0YzAiOnsiY3JlYXRlIjoxODAwMDAwMDAwMDAwLCJkZWxldGUiOjE4MDAwMDAwMDAwMDAsInJlYWQiOjMwMDAwMDAwMDAwMCwidXBkYXRlIjoxODAwMDAwMDAwMDAwfX0=",
          "dependencies": [
            "azurerm_public_ip.public_ip",
            "azurerm_resource_group.rg",
            "azurerm_subnet.subnet",
            "azurerm_virtual_network.vnet"
          ]
        }
      ]
    },
    {
      "mode": "managed",
      "type": "azurerm_network_interface_security_group_association",
      "name": "nic_nsg",
      "provider": "provider[\"registry.terraform.io/hashicorp/azurerm\"]",
      "instances": [
        {
          "schema_version": 0,
          "attributes": {
            "id": "/subscriptions/5f25aa12-6aeb-4e63-9ded-f3d6777290f3/resourceGroups/docker-deploy-rg/providers/Microsoft.Network/networkInterfaces/docker-vm-nic|/subscriptions/5f25aa12-6aeb-4e63-9ded-f3d6777290f3/resourceGroups/docker-deploy-rg/providers/Microsoft.Network/networkSecurityGroups/docker-nsg",
            "network_interface_id": "/subscriptions/5f25aa12-6aeb-4e63-9ded-f3d6777290f3/resourceGroups/docker-deploy-rg/providers/Microsoft.Network/networkInterfaces/docker-vm-nic",
            "network_security_group_id": "/subscriptions/5f25aa12-6aeb-4e63-9ded-f3d6777290f3/resourceGroups/docker-deploy-rg/providers/Microsoft.Network/networkSecurityGroups/docker-nsg",
            "timeouts": null
          },
          "sensitive_attributes": [],
          "identity_schema_version": 0,
          "private": "eyJlMmJmYjczMC1lY2FhLTExZTYtOGY4OC0zNDM2M2JjN2M0YzAiOnsiY3JlYXRlIjoxODAwMDAwMDAwMDAwLCJkZWxldGUiOjE4MDAwMDAwMDAwMDAsInJlYWQiOjMwMDAwMDAwMDAwMH19",
          "dependencies": [
            "azurerm_network_interface.nic",
            "azurerm_network_security_group.nsg",
            "azurerm_public_ip.public_ip",
            "azurerm_resource_group.rg",
            "azurerm_subnet.subnet",
            "azurerm_virtual_network.vnet"
          ]
        }
      ]
    },
    {
      "mode": "managed",
      "type": "azurerm_network_security_group",
      "name": "nsg",
      "provider": "provider[\"registry.terraform.io/hashicorp/azurerm\"]",
      "instances": [
        {
          "schema_version": 0,
          "attributes": {
            "id": "/subscriptions/5f25aa12-6aeb-4e63-9ded-f3d6777290f3/resourceGroups/docker-deploy-rg/providers/Microsoft.Network/networkSecurityGroups/docker-nsg",
            "location": "eastus",
            "name": "docker-nsg",
            "resource_group_name": "docker-deploy-rg",
            "security_rule": [
              {
                "access": "Allow",
                "description": "",
                "destination_address_prefix": "*",
                "destination_address_prefixes": [],
                "destination_application_security_group_ids": [],
                "destination_port_range": "22",
                "destination_port_ranges": [],
                "direction": "Inbound",
                "name": "SSH",
                "priority": 100,
                "protocol": "Tcp",
                "source_address_prefix": "*",
                "source_address_prefixes": [],
                "source_application_security_group_ids": [],
                "source_port_range": "*",
                "source_port_ranges": []
              },
              {
                "access": "Allow",
                "description": "",
                "destination_address_prefix": "*",
                "destination_address_prefixes": [],
                "destination_application_security_group_ids": [],
                "destination_port_range": "80",
                "destination_port_ranges": [],
                "direction": "Inbound",
                "name": "HTTP",
                "priority": 200,
                "protocol": "Tcp",
                "source_address_prefix": "*",
                "source_address_prefixes": [],
                "source_application_security_group_ids": [],
                "source_port_range": "*",
                "source_port_ranges": []
              }
            ],
            "tags": {},
            "timeouts": null
          },
          "sensitive_attributes": [],
          "identity_schema_version": 0,
          "identity": {
            "name": "docker-nsg",
            "resource_group_name": "docker-deploy-rg",
            "subscription_id": "5f25aa12-6aeb-4e63-9ded-f3d6777290f3"
          },
          "private": "eyJlMmJmYjczMC1lY2FhLTExZTYtOGY4OC0zNDM2M2JjN2M0YzAiOnsiY3JlYXRlIjoxODAwMDAwMDAwMDAwLCJkZWxldGUiOjE4MDAwMDAwMDAwMDAsInJlYWQiOjMwMDAwMDAwMDAwMCwidXBkYXRlIjoxODAwMDAwMDAwMDAwfX0=",
          "dependencies": [
            "azurerm_resource_group.rg"
          ]
        }
      ]
    },
    {
      "mode": "managed",
      "type": "azurerm_public_ip",
      "name": "public_ip",
      "provider": "provider[\"registry.terraform.io/hashicorp/azurerm\"]",
      "instances": [
        {
          "schema_version": 0,
          "attributes": {
            "allocation_method": "Static",
            "ddos_protection_mode": "VirtualNetworkInherited",
            "ddos_protection_plan_id": null,
            "domain_name_label": null,
            "domain_name_label_scope": null,
            "edge_zone": "",
            "fqdn": null,
            "id": "/subscriptions/5f25aa12-6aeb-4e63-9ded-f3d6777290f3/resourceGroups/docker-deploy-rg/providers/Microsoft.Network/publicIPAddresses/docker-vm-pip",
            "idle_timeout_in_minutes": 4,
            "ip_address": "52.147.201.2",
            "ip_tags": null,
            "ip_version": "IPv4",
            "location": "eastus",
            "name": "docker-vm-pip",
            "public_ip_prefix_id": null,
            "resource_group_name": "docker-deploy-rg",
            "reverse_fqdn": null,
            "sku": "Standard",
            "sku_tier": "Regional",
            "tags": null,
            "timeouts": null,
            "zones": null
          },
          "sensitive_attributes": [],
          "identity_schema_version": 0,
          "private": "eyJlMmJmYjczMC1lY2FhLTExZTYtOGY4OC0zNDM2M2JjN2M0YzAiOnsiY3JlYXRlIjoxODAwMDAwMDAwMDAwLCJkZWxldGUiOjE4MDAwMDAwMDAwMDAsInJlYWQiOjMwMDAwMDAwMDAwMCwidXBkYXRlIjoxODAwMDAwMDAwMDAwfX0=",
          "dependencies": [
            "azurerm_resource_group.rg"
          ]
        }
      ]
    },
    {
      "mode": "managed",
      "type": "azurerm_resource_group",
      "name": "rg",
      "provider": "provider[\"registry.terraform.io/hashicorp/azurerm\"]",
      "instances": [
        {
          "schema_version": 0,
          "attributes": {
            "id": "/subscriptions/5f25aa12-6aeb-4e63-9ded-f3d6777290f3/resourceGroups/docker-deploy-rg",
            "location": "eastus",
            "managed_by": "",
            "name": "docker-deploy-rg",
            "tags": {},
            "timeouts": null
          },
          "sensitive_attributes": [],
          "identity_schema_version": 0,
          "private": "eyJlMmJmYjczMC1lY2FhLTExZTYtOGY4OC0zNDM2M2JjN2M0YzAiOnsiY3JlYXRlIjo1NDAwMDAwMDAwMDAwLCJkZWxldGUiOjU0MDAwMDAwMDAwMDAsInJlYWQiOjMwMDAwMDAwMDAwMCwidXBkYXRlIjo1NDAwMDAwMDAwMDAwfX0="
        }
      ]
    },
    {
      "mode": "managed",
      "type": "azurerm_subnet",
      "name": "subnet",
      "provider": "provider[\"registry.terraform.io/hashicorp/azurerm\"]",
      "instances": [
        {
          "schema_version": 0,
          "attributes": {
            "address_prefixes": [
              "10.0.1.0/24"
            ],
            "default_outbound_access_enabled": true,
            "delegation": [],
            "id": "/subscriptions/5f25aa12-6aeb-4e63-9ded-f3d6777290f3/resourceGroups/docker-deploy-rg/providers/Microsoft.Network/virtualNetworks/docker-vnet/subnets/subnet1",
            "name": "subnet1",
            "private_endpoint_network_policies": "Disabled",
            "private_link_service_network_policies_enabled": true,
            "resource_group_name": "docker-deploy-rg",
            "service_endpoint_policy_ids": [],
            "service_endpoints": [],
            "timeouts": null,
            "virtual_network_name": "docker-vnet"
          },
          "sensitive_attributes": [],
          "identity_schema_version": 0,
          "identity": {
            "name": "subnet1",
            "resource_group_name": "docker-deploy-rg",
            "subscription_id": "5f25aa12-6aeb-4e63-9ded-f3d6777290f3",
            "virtual_network_name": "docker-vnet"
          },
          "private": "eyJlMmJmYjczMC1lY2FhLTExZTYtOGY4OC0zNDM2M2JjN2M0YzAiOnsiY3JlYXRlIjoxODAwMDAwMDAwMDAwLCJkZWxldGUiOjE4MDAwMDAwMDAwMDAsInJlYWQiOjMwMDAwMDAwMDAwMCwidXBkYXRlIjoxODAwMDAwMDAwMDAwfX0=",
          "dependencies": [
            "azurerm_resource_group.rg",
            "azurerm_virtual_network.vnet"
          ]
        }
      ]
    },
    {
      "mode": "managed",
      "type": "azurerm_virtual_network",
      "name": "vnet",
      "provider": "provider[\"registry.terraform.io/hashicorp/azurerm\"]",
      "instances": [
        {
          "schema_version": 0,
          "attributes": {
            "address_space": [
              "10.0.0.0/16"
            ],
            "bgp_community": "",
            "ddos_protection_plan": [],
            "dns_servers": [],
            "edge_zone": "",
            "encryption": [],
            "flow_timeout_in_minutes": 0,
            "guid": "798bc298-24b6-418a-89f7-f9f06b454b32",
            "id": "/subscriptions/5f25aa12-6aeb-4e63-9ded-f3d6777290f3/resourceGroups/docker-deploy-rg/providers/Microsoft.Network/virtualNetworks/docker-vnet",
            "ip_address_pool": [],
            "location": "eastus",
            "name": "docker-vnet",
            "private_endpoint_vnet_policies": "Disabled",
            "resource_group_name": "docker-deploy-rg",
            "subnet": [
              {
                "address_prefixes": [
                  "10.0.1.0/24"
                ],
                "default_outbound_access_enabled": true,
                "delegation": [],
                "id": "/subscriptions/5f25aa12-6aeb-4e63-9ded-f3d6777290f3/resourceGroups/docker-deploy-rg/providers/Microsoft.Network/virtualNetworks/docker-vnet/subnets/subnet1",
                "name": "subnet1",
                "private_endpoint_network_policies": "Disabled",
                "private_link_service_network_policies_enabled": true,
                "route_table_id": "",
                "security_group": "",
                "service_endpoint_policy_ids": [],
                "service_endpoints": []
              }
            ],
            "tags": {},
            "timeouts": null
          },
          "sensitive_attributes": [],
          "identity_schema_version": 0,
          "identity": {
            "name": "docker-vnet",
            "resource_group_name": "docker-deploy-rg",
            "subscription_id": "5f25aa12-6aeb-4e63-9ded-f3d6777290f3"
          },
          "private": "eyJlMmJmYjczMC1lY2FhLTExZTYtOGY4OC0zNDM2M2JjN2M0YzAiOnsiY3JlYXRlIjoxODAwMDAwMDAwMDAwLCJkZWxldGUiOjE4MDAwMDAwMDAwMDAsInJlYWQiOjMwMDAwMDAwMDAwMCwidXBkYXRlIjoxODAwMDAwMDAwMDAwfX0=",
          "dependencies": [
            "azurerm_resource_group.rg"
          ]
        }
      ]
    }
  ],
  "check_results": null
}
